// !$*UTF8*$!
{
	archiveVersion = 1;
	classes = {
	};
	objectVersion = 50;
	objects = {

/* Begin PBXBuildFile section */
		B3A1E091225C3C31008AE3CF /* AppDelegate.m in Sources */ = {isa = PBXBuildFile; fileRef = B3A1E090225C3C31008AE3CF /* AppDelegate.m */; };
		B3A1E094225C3C31008AE3CF /* ViewController.m in Sources */ = {isa = PBXBuildFile; fileRef = B3A1E093225C3C31008AE3CF /* ViewController.m */; };
		B3A1E097225C3C31008AE3CF /* Main.storyboard in Resources */ = {isa = PBXBuildFile; fileRef = B3A1E095225C3C31008AE3CF /* Main.storyboard */; };
		B3A1E099225C3C32008AE3CF /* Assets.xcassets in Resources */ = {isa = PBXBuildFile; fileRef = B3A1E098225C3C32008AE3CF /* Assets.xcassets */; };
		B3A1E09C225C3C32008AE3CF /* LaunchScreen.storyboard in Resources */ = {isa = PBXBuildFile; fileRef = B3A1E09A225C3C32008AE3CF /* LaunchScreen.storyboard */; };
		B3A1E09F225C3C32008AE3CF /* main.m in Sources */ = {isa = PBXBuildFile; fileRef = B3A1E09E225C3C32008AE3CF /* main.m */; };
/* End PBXBuildFile section */

/* Begin PBXFileReference section */
		B3A1E08C225C3C31008AE3CF /* 扫一扫.app */ = {isa = PBXFileReference; explicitFileType = wrapper.application; includeInIndex = 0; path = "扫一扫.app"; sourceTree = BUILT_PRODUCTS_DIR; };
		B3A1E08F225C3C31008AE3CF /* AppDelegate.h */ = {isa = PBXFileReference; lastKnownFileType = sourcecode.c.h; path = AppDelegate.h; sourceTree = "<group>"; };
		B3A1E090225C3C31008AE3CF /* AppDelegate.m */ = {isa = PBXFileReference; lastKnownFileType = sourcecode.c.objc; path = AppDelegate.m; sourceTree = "<group>"; };
		B3A1E092225C3C31008AE3CF /* ViewController.h */ = {isa = PBXFileReference; lastKnownFileType = sourcecode.c.h; path = ViewController.h; sourceTree = "<group>"; };
		B3A1E093225C3C31008AE3CF /* ViewController.m */ = {isa = PBXFileReference; lastKnownFileType = sourcecode.c.objc; path = ViewController.m; sourceTree = "<group>"; };
		B3A1E096225C3C31008AE3CF /* Base */ = {isa = PBXFileReference; lastKnownFileType = file.storyboard; name = Base; path = Base.lproj/Main.storyboard; sourceTree = "<group>"; };
		B3A1E098225C3C32008AE3CF /* Assets.xcassets */ = {isa = PBXFileReference; lastKnownFileType = folder.assetcatalog; path = Assets.xcassets; sourceTree = "<group>"; };
		B3A1E09B225C3C32008AE3CF /* Base */ = {isa = PBXFileReference; lastKnownFileType = file.storyboard; name = Base; path = Base.lproj/LaunchScreen.storyboard; sourceTree = "<group>"; };
		B3A1E09D225C3C32008AE3CF /* Info.plist */ = {isa = PBXFileReference; lastKnownFileType = text.plist.xml; path = Info.plist; sourceTree = "<group>"; };
		B3A1E09E225C3C32008AE3CF /* main.m */ = {isa = PBXFileReference; lastKnownFileType = sourcecode.c.objc; path = main.m; sourceTree = "<group>"; };
/* End PBXFileReference section */

/* Begin PBXFrameworksBuildPhase section */
		B3A1E089225C3C31008AE3CF /* Frameworks */ = {
			isa = PBXFrameworksBuildPhase;
			buildActionMask = 2147483647;
			files = (
			);
			runOnlyForDeploymentPostprocessing = 0;
		};
/* End PBXFrameworksBuildPhase section */

/* Begin PBXGroup section */
		B3A1E083225C3C31008AE3CF = {
			isa = PBXGroup;
			children = (
				B3A1E08E225C3C31008AE3CF /* 扫一扫 */,
				B3A1E08D225C3C31008AE3CF /* Products */,
			);
			sourceTree = "<group>";
		};
		B3A1E08D225C3C31008AE3CF /* Products */ = {
			isa = PBXGroup;
			children = (
				B3A1E08C225C3C31008AE3CF /* 扫一扫.app */,
			);
			name = Products;
			sourceTree = "<group>";
		};
		B3A1E08E225C3C31008AE3CF /* 扫一扫 */ = {
			isa = PBXGroup;
			children = (
				B3A1E08F225C3C31008AE3CF /* AppDelegate.h */,
				B3A1E090225C3C31008AE3CF /* AppDelegate.m */,
				B3A1E092225C3C31008AE3CF /* ViewController.h */,
				B3A1E093225C3C31008AE3CF /* ViewController.m */,
				B3A1E095225C3C31008AE3CF /* Main.storyboard */,
				B3A1E098225C3C32008AE3CF /* Assets.xcassets */,
				B3A1E09A225C3C32008AE3CF /* LaunchScreen.storyboard */,
				B3A1E09D225C3C32008AE3CF /* Info.plist */,
				B3A1E09E225C3C32008AE3CF /* main.m */,
			);
			path = "扫一扫";
			sourceTree = "<group>";
		};
/* End PBXGroup section */

/* Begin PBXNativeTarget section */
		B3A1E08B225C3C31008AE3CF /* 扫一扫 */ = {
			isa = PBXNativeTarget;
			buildConfigurationList = B3A1E0A2225C3C32008AE3CF /* Build configuration list for PBXNativeTarget "扫一扫" */;
			buildPhases = (
				B3A1E088225C3C31008AE3CF /* Sources */,
				B3A1E089225C3C31008AE3CF /* Frameworks */,
				B3A1E08A225C3C31008AE3CF /* Resources */,
			);
			buildRules = (
			);
			dependencies = (
			);
			name = "扫一扫";
			productName = "扫一扫";
			productReference = B3A1E08C225C3C31008AE3CF /* 扫一扫.app */;
			productType = "com.apple.product-type.application";
		};
/* End PBXNativeTarget section */

/* Begin PBXProject section */
		B3A1E084225C3C31008AE3CF /* Project object */ = {
			isa = PBXProject;
			attributes = {
				LastUpgradeCheck = 1010;
				ORGANIZATIONNAME = jxw;
				TargetAttributes = {
					B3A1E08B225C3C31008AE3CF = {
						CreatedOnToolsVersion = 10.1;
					};
				};
			};
			buildConfigurationList = B3A1E087225C3C31008AE3CF /* Build configuration list for PBXProject "扫一扫" */;
			compatibilityVersion = "Xcode 9.3";
			developmentRegion = en;
			hasScannedForEncodings = 0;
			knownRegions = (
				en,
				Base,
			);
			mainGroup = B3A1E083225C3C31008AE3CF;
			productRefGroup = B3A1E08D225C3C31008AE3CF /* Products */;
			projectDirPath = "";
			projectRoot = "";
			targets = (
				B3A1E08B225C3C31008AE3CF /* 扫一扫 */,
			);
		};
/* End PBXProject section */

/* Begin PBXResourcesBuildPhase section */
		B3A1E08A225C3C31008AE3CF /* Resources */ = {
			isa = PBXResourcesBuildPhase;
			buildActionMask = 2147483647;
			files = (
				B3A1E09C225C3C32008AE3CF /* LaunchScreen.storyboard in Resources */,
				B3A1E099225C3C32008AE3CF /* Assets.xcassets in Resources */,
				B3A1E097225C3C31008AE3CF /* Main.storyboard in Resources */,
			);
			runOnlyForDeploymentPostprocessing = 0;
		};
/* End PBXResourcesBuildPhase section */

/* Begin PBXSourcesBuildPhase section */
		B3A1E088225C3C31008AE3CF /* Sources */ = {
			isa = PBXSourcesBuildPhase;
			buildActionMask = 2147483647;
			files = (
				B3A1E094225C3C31008AE3CF /* ViewController.m in Sources */,
				B3A1E09F225C3C32008AE3CF /* main.m in Sources */,
				B3A1E091225C3C31008AE3CF /* AppDelegate.m in Sources */,
			);
			runOnlyForDeploymentPostprocessing = 0;
		};
/* End PBXSourcesBuildPhase section */

/* Begin PBXVariantGroup section */
		B3A1E095225C3C31008AE3CF /* Main.storyboard */ = {
			isa = PBXVariantGroup;
			children = (
				B3A1E096225C3C31008AE3CF /* Base */,
			);
			name = Main.storyboard;
			sourceTree = "<group>";
		};
		B3A1E09A225C3C32008AE3CF /* LaunchScreen.storyboard */ = {
			isa = PBXVariantGroup;
			children = (
				B3A1E09B225C3C32008AE3CF /* Base */,
			);
			name = LaunchScreen.storyboard;
			sourceTree = "<group>";
		};
/* End PBXVariantGroup section */

/* Begin XCBuildConfiguration section */
		B3A1E0A0225C3C32008AE3CF /* Debug */ = {
			isa = XCBuildConfiguration;
			buildSettings = {
				ALWAYS_SEARCH_USER_PATHS = NO;
				CLANG_ANALYZER_NONNULL = YES;
				CLANG_ANALYZER_NUMBER_OBJECT_CONVERSION = YES_AGGRESSIVE;
				CLANG_CXX_LANGUAGE_STANDARD = "gnu++14";
				CLANG_CXX_LIBRARY = "libc++";
				CLANG_ENABLE_MODULES = YES;
				CLANG_ENABLE_OBJC_ARC = YES;
				CLANG_ENABLE_OBJC_WEAK = YES;
				CLANG_WARN_BLOCK_CAPTURE_AUTORELEASING = YES;
				CLANG_WARN_BOOL_CONVERSION = YES;
				CLANG_WARN_COMMA = YES;
				CLANG_WARN_CONSTANT_CONVERSION = YES;
				CLANG_WARN_DEPRECATED_OBJC_IMPLEMENTATIONS = YES;
				CLANG_WARN_DIRECT_OBJC_ISA_USAGE = YES_ERROR;
				CLANG_WARN_DOCUMENTATION_COMMENTS = YES;
				CLANG_WARN_EMPTY_BODY = YES;
				CLANG_WARN_ENUM_CONVERSION = YES;
				CLANG_WARN_INFINITE_RECURSION = YES;
				CLANG_WARN_INT_CONVERSION = YES;
				CLANG_WARN_NON_LITERAL_NULL_CONVERSION = YES;
				CLANG_WARN_OBJC_IMPLICIT_RETAIN_SELF = YES;
				CLANG_WARN_OBJC_LITERAL_CONVERSION = YES;
				CLANG_WARN_OBJC_ROOT_CLASS = YES_ERROR;
				CLANG_WARN_RANGE_LOOP_ANALYSIS = YES;
				CLANG_WARN_STRICT_PROTOTYPES = YES;
				CLANG_WARN_SUSPICIOUS_MOVE = YES;
				CLANG_WARN_UNGUARDED_AVAILABILITY = YES_AGGRESSIVE;
				CLANG_WARN_UNREACHABLE_CODE = YES;
				CLANG_WARN__DUPLICATE_METHOD_MATCH = YES;
				CODE_SIGN_IDENTITY = "iPhone Developer";
				COPY_PHASE_STRIP = NO;
				DEBUG_INFORMATION_FORMAT = dwarf;
				ENABLE_STRICT_OBJC_MSGSEND = YES;
				ENABLE_TESTABILITY = YES;
				GCC_C_LANGUAGE_STANDARD = gnu11;
				GCC_DYNAMIC_NO_PIC = NO;
				GCC_NO_COMMON_BLOCKS = YES;
				GCC_OPTIMIZATION_LEVEL = 0;
				GCC_PREPROCESSOR_DEFINITIONS = (
					"DEBUG=1",
					"$(inherited)",
				);
				GCC_WARN_64_TO_32_BIT_CONVERSION = YES;
				GCC_WARN_ABOUT_RETURN_TYPE = YES_ERROR;
				GCC_WARN_UNDECLARED_SELECTOR = YES;
				GCC_WARN_UNINITIALIZED_AUTOS = YES_AGGRESSIVE;
				GCC_WARN_UNUSED_FUNCTION = YES;
				GCC_WARN_UNUSED_VARIABLE = YES;
				IPHONEOS_DEPLOYMENT_TARGET = 12.1;
				MTL_ENABLE_DEBUG_INFO = INCLUDE_SOURCE;
				MTL_FAST_MATH = YES;
				ONLY_ACTIVE_ARCH = YES;
				SDKROOT = iphoneos;
			};
			name = Debug;
		};
		B3A1E0A1225C3C32008AE3CF /* Release */ = {
			isa = XCBuildConfiguration;
			buildSettings = {
				ALWAYS_SEARCH_USER_PATHS = NO;
				CLANG_ANALYZER_NONNULL = YES;
				CLANG_ANALYZER_NUMBER_OBJECT_CONVERSION = YES_AGGRESSIVE;
				CLANG_CXX_LANGUAGE_STANDARD = "gnu++14";
				CLANG_CXX_LIBRARY = "libc++";
				CLANG_ENABLE_MODULES = YES;
				CLANG_ENABLE_OBJC_ARC = YES;
				CLANG_ENABLE_OBJC_WEAK = YES;
				CLANG_WARN_BLOCK_CAPTURE_AUTORELEASING = YES;
				CLANG_WARN_BOOL_CONVERSION = YES;
				CLANG_WARN_COMMA = YES;
				CLANG_WARN_CONSTANT_CONVERSION = YES;
				CLANG_WARN_DEPRECATED_OBJC_IMPLEMENTATIONS = YES;
				CLANG_WARN_DIRECT_OBJC_ISA_USAGE = YES_ERROR;
				CLANG_WARN_DOCUMENTATION_COMMENTS = YES;
				CLANG_WARN_EMPTY_BODY = YES;
				CLANG_WARN_ENUM_CONVERSION = YES;
				CLANG_WARN_INFINITE_RECURSION = YES;
				CLANG_WARN_INT_CONVERSION = YES;
				CLANG_WARN_NON_LITERAL_NULL_CONVERSION = YES;
				CLANG_WARN_OBJC_IMPLICIT_RETAIN_SELF = YES;
				CLANG_WARN_OBJC_LITERAL_CONVERSION = YES;
				CLANG_WARN_OBJC_ROOT_CLASS = YES_ERROR;
				CLANG_WARN_RANGE_LOOP_ANALYSIS = YES;
				CLANG_WARN_STRICT_PROTOTYPES = YES;
				CLANG_WARN_SUSPICIOUS_MOVE = YES;
				CLANG_WARN_UNGUARDED_AVAILABILITY = YES_AGGRESSIVE;
				CLANG_WARN_UNREACHABLE_CODE = YES;
				CLANG_WARN__DUPLICATE_METHOD_MATCH = YES;
				CODE_SIGN_IDENTITY = "iPhone Developer";
				COPY_PHASE_STRIP = NO;
				DEBUG_INFORMATION_FORMAT = "dwarf-with-dsym";
				ENABLE_NS_ASSERTIONS = NO;
				ENABLE_STRICT_OBJC_MSGSEND = YES;
				GCC_C_LANGUAGE_STANDARD = gnu11;
				GCC_NO_COMMON_BLOCKS = YES;
				GCC_WARN_64_TO_32_BIT_CONVERSION = YES;
				GCC_WARN_ABOUT_RETURN_TYPE = YES_ERROR;
				GCC_WARN_UNDECLARED_SELECTOR = YES;
				GCC_WARN_UNINITIALIZED_AUTOS = YES_AGGRESSIVE;
				GCC_WARN_UNUSED_FUNCTION = YES;
				GCC_WARN_UNUSED_VARIABLE = YES;
				IPHONEOS_DEPLOYMENT_TARGET = 12.1;
				MTL_ENABLE_DEBUG_INFO = NO;
				MTL_FAST_MATH = YES;
				SDKROOT = iphoneos;
				VALIDATE_PRODUCT = YES;
			};
			name = Release;
		};
		B3A1E0A3225C3C32008AE3CF /* Debug */ = {
			isa = XCBuildConfiguration;
			buildSettings = {
				ASSETCATALOG_COMPILER_APPICON_NAME = AppIcon;
				CODE_SIGN_STYLE = Automatic;
				DEVELOPMENT_TEAM = YF4N9VWP3F;
				INFOPLIST_FILE = "扫一扫/Info.plist";
				LD_RUNPATH_SEARCH_PATHS = (
					"$(inherited)",
					"@executable_path/Frameworks",
				);
				PRODUCT_BUNDLE_IDENTIFIER = "com.jxw.ios.---";
				PRODUCT_NAME = "$(TARGET_NAME)";
				TARGETED_DEVICE_FAMILY = "1,2";
			};
			name = Debug;
		};
		B3A1E0A4225C3C32008AE3CF /* Release */ = {
			isa = XCBuildConfiguration;
			buildSettings = {
				ASSETCATALOG_COMPILER_APPICON_NAME = AppIcon;
				CODE_SIGN_STYLE = Automatic;
				DEVELOPMENT_TEAM = YF4N9VWP3F;
				INFOPLIST_FILE = "扫一扫/Info.plist";
				LD_RUNPATH_SEARCH_PATHS = (
					"$(inherited)",
					"@executable_path/Frameworks",
				);
				PRODUCT_BUNDLE_IDENTIFIER = "com.jxw.ios.---";
				PRODUCT_NAME = "$(TARGET_NAME)";
				TARGETED_DEVICE_FAMILY = "1,2";
			};
			name = Release;
		};
/* End XCBuildConfiguration section */

/* Begin XCConfigurationList section */
		B3A1E087225C3C31008AE3CF /* Build configuration list for PBXProject "扫一扫" */ = {
			isa = XCConfigurationList;
			buildConfigurations = (
				B3A1E0A0225C3C32008AE3CF /* Debug */,
				B3A1E0A1225C3C32008AE3CF /* Release */,
			);
			defaultConfigurationIsVisible = 0;
			defaultConfigurationName = Release;
		};
		B3A1E0A2225C3C32008AE3CF /* Build configuration list for PBXNativeTarget "扫一扫" */ = {
			isa = XCConfigurationList;
			buildConfigurations = (
				B3A1E0A3225C3C32008AE3CF /* Debug */,
				B3A1E0A4225C3C32008AE3CF /* Release */,
			);
			defaultConfigurationIsVisible = 0;
			defaultConfigurationName = Release;
		};
/* End XCConfigurationList section */
	};
	rootObject = B3A1E084225C3C31008AE3CF /* Project object */;
}
